# This file is generated by running "yarn install" inside your project.
# Manual changes might be lost - proceed with caution!

__metadata:
  version: 6
  cacheKey: 8

"--template-typescript@workspace:.":
  version: 0.0.0-use.local
  resolution: "--template-typescript@workspace:."
  dependencies:
    "@supabase/auth-helpers-nextjs": ^0.10.0
    "@supabase/ssr": ^0.5.2
    "@supabase/supabase-js": ^2.49.1
    "@types/node": ^20
    "@types/react": ^19
    "@types/react-dom": ^19
    next: 15.3.2
    react: ^19.0.0
    react-dom: ^19.0.0
    typescript: ^5
  languageName: unknown
  linkType: soft

"@emnapi/runtime@npm:^1.4.0":
  version: 1.4.3
  resolution: "@emnapi/runtime@npm:1.4.3"
  dependencies:
    tslib: ^2.4.0
  checksum: ff2074809638ed878e476ece370c6eae7e6257bf029a581bb7a290488d8f2a08c420a65988c7f03bfc6bb689218f0cd995d2f935bd182150b357fc2341142f4f
  languageName: node
  linkType: hard

"@img/sharp-darwin-arm64@npm:0.34.1":
  version: 0.34.1
  resolution: "@img/sharp-darwin-arm64@npm:0.34.1"
  dependencies:
    "@img/sharp-libvips-darwin-arm64": 1.1.0
  dependenciesMeta:
    "@img/sharp-libvips-darwin-arm64":
      optional: true
  conditions: os=darwin & cpu=arm64
  languageName: node
  linkType: hard

"@img/sharp-darwin-x64@npm:0.34.1":
  version: 0.34.1
  resolution: "@img/sharp-darwin-x64@npm:0.34.1"
  dependencies:
    "@img/sharp-libvips-darwin-x64": 1.1.0
  dependenciesMeta:
    "@img/sharp-libvips-darwin-x64":
      optional: true
  conditions: os=darwin & cpu=x64
  languageName: node
  linkType: hard

"@img/sharp-libvips-darwin-arm64@npm:1.1.0":
  version: 1.1.0
  resolution: "@img/sharp-libvips-darwin-arm64@npm:1.1.0"
  conditions: os=darwin & cpu=arm64
  languageName: node
  linkType: hard

"@img/sharp-libvips-darwin-x64@npm:1.1.0":
  version: 1.1.0
  resolution: "@img/sharp-libvips-darwin-x64@npm:1.1.0"
  conditions: os=darwin & cpu=x64
  languageName: node
  linkType: hard

"@img/sharp-libvips-linux-arm64@npm:1.1.0":
  version: 1.1.0
  resolution: "@img/sharp-libvips-linux-arm64@npm:1.1.0"
  conditions: os=linux & cpu=arm64 & libc=glibc
  languageName: node
  linkType: hard

"@img/sharp-libvips-linux-arm@npm:1.1.0":
  version: 1.1.0
  resolution: "@img/sharp-libvips-linux-arm@npm:1.1.0"
  conditions: os=linux & cpu=arm & libc=glibc
  languageName: node
  linkType: hard

"@img/sharp-libvips-linux-ppc64@npm:1.1.0":
  version: 1.1.0
  resolution: "@img/sharp-libvips-linux-ppc64@npm:1.1.0"
  conditions: os=linux & cpu=ppc64 & libc=glibc
  languageName: node
  linkType: hard

"@img/sharp-libvips-linux-s390x@npm:1.1.0":
  version: 1.1.0
  resolution: "@img/sharp-libvips-linux-s390x@npm:1.1.0"
  conditions: os=linux & cpu=s390x & libc=glibc
  languageName: node
  linkType: hard

"@img/sharp-libvips-linux-x64@npm:1.1.0":
  version: 1.1.0
  resolution: "@img/sharp-libvips-linux-x64@npm:1.1.0"
  conditions: os=linux & cpu=x64 & libc=glibc
  languageName: node
  linkType: hard

"@img/sharp-libvips-linuxmusl-arm64@npm:1.1.0":
  version: 1.1.0
  resolution: "@img/sharp-libvips-linuxmusl-arm64@npm:1.1.0"
  conditions: os=linux & cpu=arm64 & libc=musl
  languageName: node
  linkType: hard

"@img/sharp-libvips-linuxmusl-x64@npm:1.1.0":
  version: 1.1.0
  resolution: "@img/sharp-libvips-linuxmusl-x64@npm:1.1.0"
  conditions: os=linux & cpu=x64 & libc=musl
  languageName: node
  linkType: hard

"@img/sharp-linux-arm64@npm:0.34.1":
  version: 0.34.1
  resolution: "@img/sharp-linux-arm64@npm:0.34.1"
  dependencies:
    "@img/sharp-libvips-linux-arm64": 1.1.0
  dependenciesMeta:
    "@img/sharp-libvips-linux-arm64":
      optional: true
  conditions: os=linux & cpu=arm64 & libc=glibc
  languageName: node
  linkType: hard

"@img/sharp-linux-arm@npm:0.34.1":
  version: 0.34.1
  resolution: "@img/sharp-linux-arm@npm:0.34.1"
  dependencies:
    "@img/sharp-libvips-linux-arm": 1.1.0
  dependenciesMeta:
    "@img/sharp-libvips-linux-arm":
      optional: true
  conditions: os=linux & cpu=arm & libc=glibc
  languageName: node
  linkType: hard

"@img/sharp-linux-s390x@npm:0.34.1":
  version: 0.34.1
  resolution: "@img/sharp-linux-s390x@npm:0.34.1"
  dependencies:
    "@img/sharp-libvips-linux-s390x": 1.1.0
  dependenciesMeta:
    "@img/sharp-libvips-linux-s390x":
      optional: true
  conditions: os=linux & cpu=s390x & libc=glibc
  languageName: node
  linkType: hard

"@img/sharp-linux-x64@npm:0.34.1":
  version: 0.34.1
  resolution: "@img/sharp-linux-x64@npm:0.34.1"
  dependencies:
    "@img/sharp-libvips-linux-x64": 1.1.0
  dependenciesMeta:
    "@img/sharp-libvips-linux-x64":
      optional: true
  conditions: os=linux & cpu=x64 & libc=glibc
  languageName: node
  linkType: hard

"@img/sharp-linuxmusl-arm64@npm:0.34.1":
  version: 0.34.1
  resolution: "@img/sharp-linuxmusl-arm64@npm:0.34.1"
  dependencies:
    "@img/sharp-libvips-linuxmusl-arm64": 1.1.0
  dependenciesMeta:
    "@img/sharp-libvips-linuxmusl-arm64":
      optional: true
  conditions: os=linux & cpu=arm64 & libc=musl
  languageName: node
  linkType: hard

"@img/sharp-linuxmusl-x64@npm:0.34.1":
  version: 0.34.1
  resolution: "@img/sharp-linuxmusl-x64@npm:0.34.1"
  dependencies:
    "@img/sharp-libvips-linuxmusl-x64": 1.1.0
  dependenciesMeta:
    "@img/sharp-libvips-linuxmusl-x64":
      optional: true
  conditions: os=linux & cpu=x64 & libc=musl
  languageName: node
  linkType: hard

"@img/sharp-wasm32@npm:0.34.1":
  version: 0.34.1
  resolution: "@img/sharp-wasm32@npm:0.34.1"
  dependencies:
    "@emnapi/runtime": ^1.4.0
  conditions: cpu=wasm32
  languageName: node
  linkType: hard

"@img/sharp-win32-ia32@npm:0.34.1":
  version: 0.34.1
  resolution: "@img/sharp-win32-ia32@npm:0.34.1"
  conditions: os=win32 & cpu=ia32
  languageName: node
  linkType: hard

"@img/sharp-win32-x64@npm:0.34.1":
  version: 0.34.1
  resolution: "@img/sharp-win32-x64@npm:0.34.1"
  conditions: os=win32 & cpu=x64
  languageName: node
  linkType: hard

"@next/env@npm:15.3.2":
  version: 15.3.2
  resolution: "@next/env@npm:15.3.2"
  checksum: 52ab4b18abbf076e392d3c141b403133fda24f262aed87bb0323b5e25100edb78446cc73f8f733ea9d54739abdebbdc57f63f34d858b000eb55fbed1e498bc0b
  languageName: node
  linkType: hard

"@next/swc-darwin-arm64@npm:15.3.2":
  version: 15.3.2
  resolution: "@next/swc-darwin-arm64@npm:15.3.2"
  conditions: os=darwin & cpu=arm64
  languageName: node
  linkType: hard

"@next/swc-darwin-x64@npm:15.3.2":
  version: 15.3.2
  resolution: "@next/swc-darwin-x64@npm:15.3.2"
  conditions: os=darwin & cpu=x64
  languageName: node
  linkType: hard

"@next/swc-linux-arm64-gnu@npm:15.3.2":
  version: 15.3.2
  resolution: "@next/swc-linux-arm64-gnu@npm:15.3.2"
  conditions: os=linux & cpu=arm64 & libc=glibc
  languageName: node
  linkType: hard

"@next/swc-linux-arm64-musl@npm:15.3.2":
  version: 15.3.2
  resolution: "@next/swc-linux-arm64-musl@npm:15.3.2"
  conditions: os=linux & cpu=arm64 & libc=musl
  languageName: node
  linkType: hard

"@next/swc-linux-x64-gnu@npm:15.3.2":
  version: 15.3.2
  resolution: "@next/swc-linux-x64-gnu@npm:15.3.2"
  conditions: os=linux & cpu=x64 & libc=glibc
  languageName: node
  linkType: hard

"@next/swc-linux-x64-musl@npm:15.3.2":
  version: 15.3.2
  resolution: "@next/swc-linux-x64-musl@npm:15.3.2"
  conditions: os=linux & cpu=x64 & libc=musl
  languageName: node
  linkType: hard

"@next/swc-win32-arm64-msvc@npm:15.3.2":
  version: 15.3.2
  resolution: "@next/swc-win32-arm64-msvc@npm:15.3.2"
  conditions: os=win32 & cpu=arm64
  languageName: node
  linkType: hard

"@next/swc-win32-x64-msvc@npm:15.3.2":
  version: 15.3.2
  resolution: "@next/swc-win32-x64-msvc@npm:15.3.2"
  conditions: os=win32 & cpu=x64
  languageName: node
  linkType: hard

"@supabase/auth-helpers-nextjs@npm:^0.10.0":
  version: 0.10.0
  resolution: "@supabase/auth-helpers-nextjs@npm:0.10.0"
  dependencies:
    "@supabase/auth-helpers-shared": 0.7.0
    set-cookie-parser: ^2.6.0
  peerDependencies:
    "@supabase/supabase-js": ^2.39.8
  checksum: 505decbe853d3b796209adcc593b15658ccefbcdc9eb76d324fdb2717cd6ccbbfa3ce79996aecf85dac7e25889a08b9e2c01e7c8711559989401fe0d684ed10d
  languageName: node
  linkType: hard

"@supabase/auth-helpers-shared@npm:0.7.0":
  version: 0.7.0
  resolution: "@supabase/auth-helpers-shared@npm:0.7.0"
  dependencies:
    jose: ^4.14.4
  peerDependencies:
    "@supabase/supabase-js": ^2.39.8
  checksum: 433697e2a93bf0d5e80e7c8ec8b3111353eb879cdd0c20122b13ffb038743dd34a77be3067d090a04621fb44da224582b026f1fd609d3567bd001f9013d1fb1f
  languageName: node
  linkType: hard

"@supabase/auth-js@npm:2.69.1":
  version: 2.69.1
  resolution: "@supabase/auth-js@npm:2.69.1"
  dependencies:
    "@supabase/node-fetch": ^2.6.14
  checksum: fe5e6bc8d63f2b3754077aff87265aaa8de7620c1a6951affda1e75efee2a549fa1003394b4d950aa976e016e5a032517475e51cc0a0edfbb965fd4c5280e592
  languageName: node
  linkType: hard

"@supabase/functions-js@npm:2.4.4":
  version: 2.4.4
  resolution: "@supabase/functions-js@npm:2.4.4"
  dependencies:
    "@supabase/node-fetch": ^2.6.14
  checksum: cbddd6c0f03de1d3ff1c9b760c028f9101b0221a2dc032000debd1734c725fe0217d56c281437cf71ff30e23a094b47275511b598ef68a39a66b967664faf7cb
  languageName: node
  linkType: hard

"@supabase/node-fetch@npm:2.6.15, @supabase/node-fetch@npm:^2.6.14":
  version: 2.6.15
  resolution: "@supabase/node-fetch@npm:2.6.15"
  dependencies:
    whatwg-url: ^5.0.0
  checksum: 9673b49236a56df49eb7ea5cb789cf4e8b1393069b84b4964ac052995e318a34872f428726d128f232139e17c3375a531e45e99edd3e96a25cce60d914b53879
  languageName: node
  linkType: hard

"@supabase/postgrest-js@npm:1.19.4":
  version: 1.19.4
  resolution: "@supabase/postgrest-js@npm:1.19.4"
  dependencies:
    "@supabase/node-fetch": ^2.6.14
  checksum: 3265d5d563eb4b54ab78f2d7a87c68948b323f520913e8309f367cbb8a714b8d5a519e05d73e96510f8d216ea55b5c21e1822f200f6db0a52cc028ac396f62cf
  languageName: node
  linkType: hard

"@supabase/realtime-js@npm:2.11.2":
  version: 2.11.2
  resolution: "@supabase/realtime-js@npm:2.11.2"
  dependencies:
    "@supabase/node-fetch": ^2.6.14
    "@types/phoenix": ^1.5.4
    "@types/ws": ^8.5.10
    ws: ^8.18.0
  checksum: 0fdb63ca0f6e6993523fb1d95c2ed843cf74e49437a7e625702b551c70ce1861964cbffc2937811a54f51410b02a7e257307e4af561d36fcb95803a145b9fa6d
  languageName: node
  linkType: hard

"@supabase/ssr@npm:^0.5.2":
  version: 0.5.2
  resolution: "@supabase/ssr@npm:0.5.2"
  dependencies:
    "@types/cookie": ^0.6.0
    cookie: ^0.7.0
  peerDependencies:
    "@supabase/supabase-js": ^2.43.4
  checksum: d405f13c2b831c2c6b7d7950f44a8a57a0c41cbebcf61aeb5fac192413d5b717d7691870602f37c49720643ead575423a8955000f4168dff30c81c2061467b89
  languageName: node
  linkType: hard

"@supabase/storage-js@npm:2.7.1":
  version: 2.7.1
  resolution: "@supabase/storage-js@npm:2.7.1"
  dependencies:
    "@supabase/node-fetch": ^2.6.14
  checksum: ed8f3a3178856c331b36588f4fff5cbb7f2f89977fff9716ab20b1977d13816bda5a887a316638f2a05ac35fdef46e18eab8a543d6113de76d3a06b15bf9ae8e
  languageName: node
  linkType: hard

"@supabase/supabase-js@npm:^2.49.1":
  version: 2.49.4
  resolution: "@supabase/supabase-js@npm:2.49.4"
  dependencies:
    "@supabase/auth-js": 2.69.1
    "@supabase/functions-js": 2.4.4
    "@supabase/node-fetch": 2.6.15
    "@supabase/postgrest-js": 1.19.4
    "@supabase/realtime-js": 2.11.2
    "@supabase/storage-js": 2.7.1
  checksum: 1f8b8a04abb662eee61d13ea7841b1f689002317d168312a1de31d8b4bc22867841708e7f7b8e9cc87ae36e99fd334fd1f0baf56ecae5ec83b593a0b5502bb0c
  languageName: node
  linkType: hard

"@swc/counter@npm:0.1.3":
  version: 0.1.3
  resolution: "@swc/counter@npm:0.1.3"
  checksum: df8f9cfba9904d3d60f511664c70d23bb323b3a0803ec9890f60133954173047ba9bdeabce28cd70ba89ccd3fd6c71c7b0bd58be85f611e1ffbe5d5c18616598
  languageName: node
  linkType: hard

"@swc/helpers@npm:0.5.15":
  version: 0.5.15
  resolution: "@swc/helpers@npm:0.5.15"
  dependencies:
    tslib: ^2.8.0
  checksum: 1a9e0dbb792b2d1e0c914d69c201dbc96af3a0e6e6e8cf5a7f7d6a5d7b0e8b762915cd4447acb6b040e2ecc1ed49822875a7239f99a2d63c96c3c3407fb6fccf
  languageName: node
  linkType: hard

"@types/cookie@npm:^0.6.0":
  version: 0.6.0
  resolution: "@types/cookie@npm:0.6.0"
  checksum: 5edce7995775b0b196b142883e4d4f71fd93c294eaec973670f1fa2540b70ea7390408ed513ddefef5fcb12a578100c76596e8f2a714b0c2ae9f70ee773f4510
  languageName: node
  linkType: hard

"@types/node@npm:*":
  version: 22.15.15
  resolution: "@types/node@npm:22.15.15"
  dependencies:
    undici-types: ~6.21.0
  checksum: 6e1d1c55728a25dd4268aaac62d1a4a6dd3355a9cb76300a9d44f88a3894f39210a4eff471f6ef79c0ae759049a512582e5ca21fe344c6a02e553d02e8d43835
  languageName: node
  linkType: hard

"@types/node@npm:^20":
  version: 20.17.43
  resolution: "@types/node@npm:20.17.43"
  dependencies:
    undici-types: ~6.19.2
  checksum: 4d71df449a2718712bd75bf82ee0f52b069dd842322b7b7b62ced75b014b6d0b15c50357f72305cb65b28d29683a74a7a5e6c3260fdc800a2a42f717085fac37
  languageName: node
  linkType: hard

"@types/phoenix@npm:^1.5.4":
  version: 1.6.6
  resolution: "@types/phoenix@npm:1.6.6"
  checksum: 9dc897cb9a4cd62f7a0de48855e6cafded5c676e7d78c4d3a9ade4f21ec82b95eb7195caada26a9a3a5d9aba14f0fd875bc3898e086234b20da63991a033f6e8
  languageName: node
  linkType: hard

"@types/react-dom@npm:^19":
  version: 19.1.3
  resolution: "@types/react-dom@npm:19.1.3"
  peerDependencies:
    "@types/react": ^19.0.0
  checksum: 3cde94c87a053978e6d4b0ad2d13aedec236aaa3caf3477f28a5f0d0d8806ce20bd6b1825e0128be011d700de578b93049f10627f21ec61589009bf39495d808
  languageName: node
  linkType: hard

"@types/react@npm:^19":
  version: 19.1.3
  resolution: "@types/react@npm:19.1.3"
  dependencies:
    csstype: ^3.0.2
  checksum: a2c246d95fb55b0f1ff781cae0764b61194a0073eb5dfacf222f6bac9b6f1d38948f088828d0be9373d201b130d1dfaf984013af81f1b2217030f6f335819c79
  languageName: node
  linkType: hard

"@types/ws@npm:^8.5.10":
  version: 8.18.1
  resolution: "@types/ws@npm:8.18.1"
  dependencies:
    "@types/node": "*"
  checksum: 0331b14cde388e2805af66cad3e3f51857db8e68ed91e5b99750915e96fe7572e58296dc99999331bbcf08f0ff00a227a0bb214e991f53c2a5aca7b0e71173fa
  languageName: node
  linkType: hard

"busboy@npm:1.6.0":
  version: 1.6.0
  resolution: "busboy@npm:1.6.0"
  dependencies:
    streamsearch: ^1.1.0
  checksum: 32801e2c0164e12106bf236291a00795c3c4e4b709ae02132883fe8478ba2ae23743b11c5735a0aae8afe65ac4b6ca4568b91f0d9fed1fdbc32ede824a73746e
  languageName: node
  linkType: hard

"caniuse-lite@npm:^1.0.30001579":
  version: 1.0.30001717
  resolution: "caniuse-lite@npm:1.0.30001717"
  checksum: 357fbb230d86d28c0f7005d0c19a2274059ad4f1ed419ebe8754737ec908b567c9745abf0d16eda93417f40913221adc6290eb2f0432bc5bb5364f95bd7eabfa
  languageName: node
  linkType: hard

"client-only@npm:0.0.1":
  version: 0.0.1
  resolution: "client-only@npm:0.0.1"
  checksum: 0c16bf660dadb90610553c1d8946a7fdfb81d624adea073b8440b7d795d5b5b08beb3c950c6a2cf16279365a3265158a236876d92bce16423c485c322d7dfaf8
  languageName: node
  linkType: hard

"color-convert@npm:^2.0.1":
  version: 2.0.1
  resolution: "color-convert@npm:2.0.1"
  dependencies:
    color-name: ~1.1.4
  checksum: 79e6bdb9fd479a205c71d89574fccfb22bd9053bd98c6c4d870d65c132e5e904e6034978e55b43d69fcaa7433af2016ee203ce76eeba9cfa554b373e7f7db336
  languageName: node
  linkType: hard

"color-name@npm:^1.0.0, color-name@npm:~1.1.4":
  version: 1.1.4
  resolution: "color-name@npm:1.1.4"
  checksum: b0445859521eb4021cd0fb0cc1a75cecf67fceecae89b63f62b201cca8d345baf8b952c966862a9d9a2632987d4f6581f0ec8d957dfacece86f0a7919316f610
  languageName: node
  linkType: hard

"color-string@npm:^1.9.0":
  version: 1.9.1
  resolution: "color-string@npm:1.9.1"
  dependencies:
    color-name: ^1.0.0
    simple-swizzle: ^0.2.2
  checksum: c13fe7cff7885f603f49105827d621ce87f4571d78ba28ef4a3f1a104304748f620615e6bf065ecd2145d0d9dad83a3553f52bb25ede7239d18e9f81622f1cc5
  languageName: node
  linkType: hard

"color@npm:^4.2.3":
  version: 4.2.3
  resolution: "color@npm:4.2.3"
  dependencies:
    color-convert: ^2.0.1
    color-string: ^1.9.0
  checksum: 0579629c02c631b426780038da929cca8e8d80a40158b09811a0112a107c62e10e4aad719843b791b1e658ab4e800558f2e87ca4522c8b32349d497ecb6adeb4
  languageName: node
  linkType: hard

"cookie@npm:^0.7.0":
  version: 0.7.2
  resolution: "cookie@npm:0.7.2"
  checksum: 9bf8555e33530affd571ea37b615ccad9b9a34febbf2c950c86787088eb00a8973690833b0f8ebd6b69b753c62669ea60cec89178c1fb007bf0749abed74f93e
  languageName: node
  linkType: hard

"csstype@npm:^3.0.2":
  version: 3.1.3
  resolution: "csstype@npm:3.1.3"
  checksum: 8db785cc92d259102725b3c694ec0c823f5619a84741b5c7991b8ad135dfaa66093038a1cc63e03361a6cd28d122be48f2106ae72334e067dd619a51f49eddf7
  languageName: node
  linkType: hard

"detect-libc@npm:^2.0.3":
  version: 2.0.4
  resolution: "detect-libc@npm:2.0.4"
  checksum: 3d186b7d4e16965e10e21db596c78a4e131f9eee69c0081d13b85e6a61d7448d3ba23fe7997648022bdfa3b0eb4cc3c289a44c8188df949445a20852689abef6
  languageName: node
  linkType: hard

"is-arrayish@npm:^0.3.1":
  version: 0.3.2
  resolution: "is-arrayish@npm:0.3.2"
  checksum: 977e64f54d91c8f169b59afcd80ff19227e9f5c791fa28fa2e5bce355cbaf6c2c356711b734656e80c9dd4a854dd7efcf7894402f1031dfc5de5d620775b4d5f
  languageName: node
  linkType: hard

"jose@npm:^4.14.4":
  version: 4.15.9
  resolution: "jose@npm:4.15.9"
  checksum: 41abe1c99baa3cf8a78ebbf93da8f8e50e417b7a26754c4afa21865d87527b8ac2baf66de2c5f6accc3f7d7158658dae7364043677236ea1d07895b040097f15
  languageName: node
  linkType: hard

"nanoid@npm:^3.3.6":
  version: 3.3.11
  resolution: "nanoid@npm:3.3.11"
  bin:
    nanoid: bin/nanoid.cjs
  checksum: 3be20d8866a57a6b6d218e82549711c8352ed969f9ab3c45379da28f405363ad4c9aeb0b39e9abc101a529ca65a72ff9502b00bf74a912c4b64a9d62dfd26c29
  languageName: node
  linkType: hard

"next@npm:15.3.2":
  version: 15.3.2
  resolution: "next@npm:15.3.2"
  dependencies:
    "@next/env": 15.3.2
    "@next/swc-darwin-arm64": 15.3.2
    "@next/swc-darwin-x64": 15.3.2
    "@next/swc-linux-arm64-gnu": 15.3.2
    "@next/swc-linux-arm64-musl": 15.3.2
    "@next/swc-linux-x64-gnu": 15.3.2
    "@next/swc-linux-x64-musl": 15.3.2
    "@next/swc-win32-arm64-msvc": 15.3.2
    "@next/swc-win32-x64-msvc": 15.3.2
    "@swc/counter": 0.1.3
    "@swc/helpers": 0.5.15
    busboy: 1.6.0
    caniuse-lite: ^1.0.30001579
    postcss: 8.4.31
    sharp: ^0.34.1
    styled-jsx: 5.1.6
  peerDependencies:
    "@opentelemetry/api": ^1.1.0
    "@playwright/test": ^1.41.2
    babel-plugin-react-compiler: "*"
    react: ^18.2.0 || 19.0.0-rc-de68d2f4-20241204 || ^19.0.0
    react-dom: ^18.2.0 || 19.0.0-rc-de68d2f4-20241204 || ^19.0.0
    sass: ^1.3.0
  dependenciesMeta:
    "@next/swc-darwin-arm64":
      optional: true
    "@next/swc-darwin-x64":
      optional: true
    "@next/swc-linux-arm64-gnu":
      optional: true
    "@next/swc-linux-arm64-musl":
      optional: true
    "@next/swc-linux-x64-gnu":
      optional: true
    "@next/swc-linux-x64-musl":
      optional: true
    "@next/swc-win32-arm64-msvc":
      optional: true
    "@next/swc-win32-x64-msvc":
      optional: true
    sharp:
      optional: true
  peerDependenciesMeta:
    "@opentelemetry/api":
      optional: true
    "@playwright/test":
      optional: true
    babel-plugin-react-compiler:
      optional: true
    sass:
      optional: true
  bin:
    next: dist/bin/next
  checksum: 1f1f535acdfb9158b6faad5e16d359b43ea5d09bdd688eaf1418f77af1cafbfb1c611b7977ab8e1f4bae7d1c01c9f107b3ca5dfb7642a8610588e688576378d6
  languageName: node
  linkType: hard

"picocolors@npm:^1.0.0":
  version: 1.1.1
  resolution: "picocolors@npm:1.1.1"
  checksum: e1cf46bf84886c79055fdfa9dcb3e4711ad259949e3565154b004b260cd356c5d54b31a1437ce9782624bf766272fe6b0154f5f0c744fb7af5d454d2b60db045
  languageName: node
  linkType: hard

"postcss@npm:8.4.31":
  version: 8.4.31
  resolution: "postcss@npm:8.4.31"
  dependencies:
    nanoid: ^3.3.6
    picocolors: ^1.0.0
    source-map-js: ^1.0.2
  checksum: 1d8611341b073143ad90486fcdfeab49edd243377b1f51834dc4f6d028e82ce5190e4f11bb2633276864503654fb7cab28e67abdc0fbf9d1f88cad4a0ff0beea
  languageName: node
  linkType: hard

"react-dom@npm:^19.0.0":
  version: 19.1.0
  resolution: "react-dom@npm:19.1.0"
  dependencies:
    scheduler: ^0.26.0
  peerDependencies:
    react: ^19.1.0
  checksum: 1d154b6543467095ac269e61ca59db546f34ef76bcdeb90f2dad41d682cd210aae492e70c85010ed5d0a2caea225e9a55139ebc1a615ee85bf197d7f99678cdf
  languageName: node
  linkType: hard

"react@npm:^19.0.0":
  version: 19.1.0
  resolution: "react@npm:19.1.0"
  checksum: c0905f8cfb878b0543a5522727e5ed79c67c8111dc16ceee135b7fe19dce77b2c1c19293513061a8934e721292bfc1517e0487e262d1906f306bdf95fa54d02f
  languageName: node
  linkType: hard

"scheduler@npm:^0.26.0":
  version: 0.26.0
  resolution: "scheduler@npm:0.26.0"
  checksum: c63a9f1c0e5089b537231cff6c11f75455b5c8625ae09535c1d7cd0a1b0c77ceecdd9f1074e5e063da5d8dc11e73e8033dcac3361791088be08a6e60c0283ed9
  languageName: node
  linkType: hard

"semver@npm:^7.7.1":
  version: 7.7.1
  resolution: "semver@npm:7.7.1"
  bin:
    semver: bin/semver.js
  checksum: 586b825d36874007c9382d9e1ad8f93888d8670040add24a28e06a910aeebd673a2eb9e3bf169c6679d9245e66efb9057e0852e70d9daa6c27372aab1dda7104
  languageName: node
  linkType: hard

"set-cookie-parser@npm:^2.6.0":
  version: 2.7.1
  resolution: "set-cookie-parser@npm:2.7.1"
  checksum: 2ef8b351094712f8f7df6d63ed4b10350b24a5b515772690e7dec227df85fcef5bc451c7765f484fd9f36694ece5438d1456407d017f237d0d3351d7dbbd3587
  languageName: node
  linkType: hard

"sharp@npm:^0.34.1":
  version: 0.34.1
  resolution: "sharp@npm:0.34.1"
  dependencies:
    "@img/sharp-darwin-arm64": 0.34.1
    "@img/sharp-darwin-x64": 0.34.1
    "@img/sharp-libvips-darwin-arm64": 1.1.0
    "@img/sharp-libvips-darwin-x64": 1.1.0
    "@img/sharp-libvips-linux-arm": 1.1.0
    "@img/sharp-libvips-linux-arm64": 1.1.0
    "@img/sharp-libvips-linux-ppc64": 1.1.0
    "@img/sharp-libvips-linux-s390x": 1.1.0
    "@img/sharp-libvips-linux-x64": 1.1.0
    "@img/sharp-libvips-linuxmusl-arm64": 1.1.0
    "@img/sharp-libvips-linuxmusl-x64": 1.1.0
    "@img/sharp-linux-arm": 0.34.1
    "@img/sharp-linux-arm64": 0.34.1
    "@img/sharp-linux-s390x": 0.34.1
    "@img/sharp-linux-x64": 0.34.1
    "@img/sharp-linuxmusl-arm64": 0.34.1
    "@img/sharp-linuxmusl-x64": 0.34.1
    "@img/sharp-wasm32": 0.34.1
    "@img/sharp-win32-ia32": 0.34.1
    "@img/sharp-win32-x64": 0.34.1
    color: ^4.2.3
    detect-libc: ^2.0.3
    semver: ^7.7.1
  dependenciesMeta:
    "@img/sharp-darwin-arm64":
      optional: true
    "@img/sharp-darwin-x64":
      optional: true
    "@img/sharp-libvips-darwin-arm64":
      optional: true
    "@img/sharp-libvips-darwin-x64":
      optional: true
    "@img/sharp-libvips-linux-arm":
      optional: true
    "@img/sharp-libvips-linux-arm64":
      optional: true
    "@img/sharp-libvips-linux-ppc64":
      optional: true
    "@img/sharp-libvips-linux-s390x":
      optional: true
    "@img/sharp-libvips-linux-x64":
      optional: true
    "@img/sharp-libvips-linuxmusl-arm64":
      optional: true
    "@img/sharp-libvips-linuxmusl-x64":
      optional: true
    "@img/sharp-linux-arm":
      optional: true
    "@img/sharp-linux-arm64":
      optional: true
    "@img/sharp-linux-s390x":
      optional: true
    "@img/sharp-linux-x64":
      optional: true
    "@img/sharp-linuxmusl-arm64":
      optional: true
    "@img/sharp-linuxmusl-x64":
      optional: true
    "@img/sharp-wasm32":
      optional: true
    "@img/sharp-win32-ia32":
      optional: true
    "@img/sharp-win32-x64":
      optional: true
  checksum: ce2798a2d1a4e4fb9bae5642177e4681050897de8c2d6e1783c8c15d8a40cc0e22bf4ce91d1bf355afd133d16d7032fcfdfa2ed3305eab34b7f8de8f61175519
  languageName: node
  linkType: hard

"simple-swizzle@npm:^0.2.2":
  version: 0.2.2
  resolution: "simple-swizzle@npm:0.2.2"
  dependencies:
    is-arrayish: ^0.3.1
  checksum: a7f3f2ab5c76c4472d5c578df892e857323e452d9f392e1b5cf74b74db66e6294a1e1b8b390b519fa1b96b5b613f2a37db6cffef52c3f1f8f3c5ea64eb2d54c0
  languageName: node
  linkType: hard

"source-map-js@npm:^1.0.2":
  version: 1.2.1
  resolution: "source-map-js@npm:1.2.1"
  checksum: 4eb0cd997cdf228bc253bcaff9340afeb706176e64868ecd20efbe6efea931465f43955612346d6b7318789e5265bdc419bc7669c1cebe3db0eb255f57efa76b
  languageName: node
  linkType: hard

"streamsearch@npm:^1.1.0":
  version: 1.1.0
  resolution: "streamsearch@npm:1.1.0"
  checksum: 1cce16cea8405d7a233d32ca5e00a00169cc0e19fbc02aa839959985f267335d435c07f96e5e0edd0eadc6d39c98d5435fb5bbbdefc62c41834eadc5622ad942
  languageName: node
  linkType: hard

"styled-jsx@npm:5.1.6":
  version: 5.1.6
  resolution: "styled-jsx@npm:5.1.6"
  dependencies:
    client-only: 0.0.1
  peerDependencies:
    react: ">= 16.8.0 || 17.x.x || ^18.0.0-0 || ^19.0.0-0"
  peerDependenciesMeta:
    "@babel/core":
      optional: true
    babel-plugin-macros:
      optional: true
  checksum: 879ad68e3e81adcf4373038aaafe55f968294955593660e173fbf679204aff158c59966716a60b29af72dc88795cfb2c479b6d2c3c87b2b2d282f3e27cc66461
  languageName: node
  linkType: hard

"tr46@npm:~0.0.3":
  version: 0.0.3
  resolution: "tr46@npm:0.0.3"
  checksum: 726321c5eaf41b5002e17ffbd1fb7245999a073e8979085dacd47c4b4e8068ff5777142fc6726d6ca1fd2ff16921b48788b87225cbc57c72636f6efa8efbffe3
  languageName: node
  linkType: hard

"tslib@npm:^2.4.0, tslib@npm:^2.8.0":
  version: 2.8.1
  resolution: "tslib@npm:2.8.1"
  checksum: e4aba30e632b8c8902b47587fd13345e2827fa639e7c3121074d5ee0880723282411a8838f830b55100cbe4517672f84a2472667d355b81e8af165a55dc6203a
  languageName: node
  linkType: hard

"typescript@npm:^5":
  version: 5.8.3
  resolution: "typescript@npm:5.8.3"
  bin:
    tsc: bin/tsc
    tsserver: bin/tsserver
  checksum: cb1d081c889a288b962d3c8ae18d337ad6ee88a8e81ae0103fa1fecbe923737f3ba1dbdb3e6d8b776c72bc73bfa6d8d850c0306eed1a51377d2fccdfd75d92c4
  languageName: node
  linkType: hard

"typescript@patch:typescript@^5#~builtin<compat/typescript>":
  version: 5.8.3
  resolution: "typescript@patch:typescript@npm%3A5.8.3#~builtin<compat/typescript>::version=5.8.3&hash=ad5954"
  bin:
    tsc: bin/tsc
    tsserver: bin/tsserver
  checksum: 1b503525a88ff0ff5952e95870971c4fb2118c17364d60302c21935dedcd6c37e6a0a692f350892bafcef6f4a16d09073fe461158547978d2f16fbe4cb18581c
  languageName: node
  linkType: hard

"undici-types@npm:~6.19.2":
  version: 6.19.8
  resolution: "undici-types@npm:6.19.8"
  checksum: de51f1b447d22571cf155dfe14ff6d12c5bdaec237c765085b439c38ca8518fc360e88c70f99469162bf2e14188a7b0bcb06e1ed2dc031042b984b0bb9544017
  languageName: node
  linkType: hard

"undici-types@npm:~6.21.0":
  version: 6.21.0
  resolution: "undici-types@npm:6.21.0"
  checksum: 46331c7d6016bf85b3e8f20c159d62f5ae471aba1eb3dc52fff35a0259d58dcc7d592d4cc4f00c5f9243fa738a11cfa48bd20203040d4a9e6bc25e807fab7ab3
  languageName: node
  linkType: hard

"webidl-conversions@npm:^3.0.0":
  version: 3.0.1
  resolution: "webidl-conversions@npm:3.0.1"
  checksum: c92a0a6ab95314bde9c32e1d0a6dfac83b578f8fa5f21e675bc2706ed6981bc26b7eb7e6a1fab158e5ce4adf9caa4a0aee49a52505d4d13c7be545f15021b17c
  languageName: node
  linkType: hard

"whatwg-url@npm:^5.0.0":
  version: 5.0.0
  resolution: "whatwg-url@npm:5.0.0"
  dependencies:
    tr46: ~0.0.3
    webidl-conversions: ^3.0.0
  checksum: b8daed4ad3356cc4899048a15b2c143a9aed0dfae1f611ebd55073310c7b910f522ad75d727346ad64203d7e6c79ef25eafd465f4d12775ca44b90fa82ed9e2c
  languageName: node
  linkType: hard

"ws@npm:^8.18.0":
  version: 8.18.2
  resolution: "ws@npm:8.18.2"
  peerDependencies:
    bufferutil: ^4.0.1
    utf-8-validate: ">=5.0.2"
  peerDependenciesMeta:
    bufferutil:
      optional: true
    utf-8-validate:
      optional: true
  checksum: e38beae19ba4d68577ec24eb34fbfab376333fedd10f99b07511a8e842e22dbc102de39adac333a18e4c58868d0703cd5f239b04b345e22402d0ed8c34ea0aa0
  languageName: node
  linkType: hard
